
Microsoft Visual Studio Solution File, Format Version 12.00
# Visual Studio Version 16
VisualStudioVersion = 16.0.28803.202
MinimumVisualStudioVersion = 10.0.40219.1
Project("{9A19103F-16F7-4668-BE54-9A1E7A4F7556}") = "ServerCore", "src\ServerCore\ServerCore.csproj", "{ADCAB470-FD08-4E54-A767-48C8C80CB81E}"
EndProject
Project("{9A19103F-16F7-4668-BE54-9A1E7A4F7556}") = "GateServer", "src\GateServer\GateServer.csproj", "{81F7AA10-26ED-4D8D-8490-2AAF459F4231}"
EndProject
Project("{9A19103F-16F7-4668-BE54-9A1E7A4F7556}") = "ArmyAnt.Net", "external\ArmyAnt.Net\ArmyAnt.Net.csproj", "{76F84521-2EA0-4137-91AC-417E60566979}"
EndProject
Project("{2150E333-8FDC-42A3-9474-1A3956D46DE8}") = "1.external", "1.external", "{C4192722-C17B-4F1A-8C93-C9716705258F}"
EndProject
Project("{2150E333-8FDC-42A3-9474-1A3956D46DE8}") = "2.core-libs", "2.core-libs", "{4EC60301-5143-4373-B452-42F17224BE86}"
EndProject
Project("{9A19103F-16F7-4668-BE54-9A1E7A4F7556}") = "ProtoRes", "src\ProtoRes\ProtoRes.csproj", "{4D77B21E-ADCB-4A1D-8094-D4BA7C2D9512}"
EndProject
Project("{9A19103F-16F7-4668-BE54-9A1E7A4F7556}") = "DBProxyServer", "src\DBProxyServer\DBProxyServer.csproj", "{FA86F297-798F-434F-BE0F-31427D67C08C}"
EndProject
Project("{9A19103F-16F7-4668-BE54-9A1E7A4F7556}") = "MySqlConnector", "external\MySqlConnector\src\MySqlConnector\MySqlConnector.csproj", "{56597BAC-C4C8-4F7F-8EB8-1EF790471B9F}"
EndProject
Project("{9A19103F-16F7-4668-BE54-9A1E7A4F7556}") = "Google.Protobuf", "external\protobuf\csharp\src\Google.Protobuf\Google.Protobuf.csproj", "{1F270AAE-D3BA-48DD-AD1D-1BE7C5188321}"
EndProject
Project("{2150E333-8FDC-42A3-9474-1A3956D46DE8}") = "3.servers", "3.servers", "{C2DC6611-03A1-4B7D-AE1B-C1F85ECE92BC}"
EndProject
Project("{9A19103F-16F7-4668-BE54-9A1E7A4F7556}") = "Newtonsoft.Json", "external\Newtonsoft.Json\Src\Newtonsoft.Json\Newtonsoft.Json.csproj", "{D792A26D-3E44-4495-9F68-8498B450E51B}"
EndProject
Project("{9A19103F-16F7-4668-BE54-9A1E7A4F7556}") = "ChatServer", "src\ChatServer\ChatServer.csproj", "{F9017C1B-24C5-4B50-B930-94B82BD85FD5}"
EndProject
Global
	GlobalSection(SolutionConfigurationPlatforms) = preSolution
		Debug|Any CPU = Debug|Any CPU
		Release|Any CPU = Release|Any CPU
	EndGlobalSection
	GlobalSection(ProjectConfigurationPlatforms) = postSolution
		{ADCAB470-FD08-4E54-A767-48C8C80CB81E}.Debug|Any CPU.ActiveCfg = Debug|Any CPU
		{ADCAB470-FD08-4E54-A767-48C8C80CB81E}.Debug|Any CPU.Build.0 = Debug|Any CPU
		{ADCAB470-FD08-4E54-A767-48C8C80CB81E}.Release|Any CPU.ActiveCfg = Release|Any CPU
		{ADCAB470-FD08-4E54-A767-48C8C80CB81E}.Release|Any CPU.Build.0 = Release|Any CPU
		{81F7AA10-26ED-4D8D-8490-2AAF459F4231}.Debug|Any CPU.ActiveCfg = Debug|Any CPU
		{81F7AA10-26ED-4D8D-8490-2AAF459F4231}.Debug|Any CPU.Build.0 = Debug|Any CPU
		{81F7AA10-26ED-4D8D-8490-2AAF459F4231}.Release|Any CPU.ActiveCfg = Release|Any CPU
		{81F7AA10-26ED-4D8D-8490-2AAF459F4231}.Release|Any CPU.Build.0 = Release|Any CPU
		{76F84521-2EA0-4137-91AC-417E60566979}.Debug|Any CPU.ActiveCfg = Debug|Any CPU
		{76F84521-2EA0-4137-91AC-417E60566979}.Debug|Any CPU.Build.0 = Debug|Any CPU
		{76F84521-2EA0-4137-91AC-417E60566979}.Release|Any CPU.ActiveCfg = Release|Any CPU
		{76F84521-2EA0-4137-91AC-417E60566979}.Release|Any CPU.Build.0 = Release|Any CPU
		{4D77B21E-ADCB-4A1D-8094-D4BA7C2D9512}.Debug|Any CPU.ActiveCfg = Debug|Any CPU
		{4D77B21E-ADCB-4A1D-8094-D4BA7C2D9512}.Debug|Any CPU.Build.0 = Debug|Any CPU
		{4D77B21E-ADCB-4A1D-8094-D4BA7C2D9512}.Release|Any CPU.ActiveCfg = Release|Any CPU
		{4D77B21E-ADCB-4A1D-8094-D4BA7C2D9512}.Release|Any CPU.Build.0 = Release|Any CPU
		{FA86F297-798F-434F-BE0F-31427D67C08C}.Debug|Any CPU.ActiveCfg = Debug|Any CPU
		{FA86F297-798F-434F-BE0F-31427D67C08C}.Debug|Any CPU.Build.0 = Debug|Any CPU
		{FA86F297-798F-434F-BE0F-31427D67C08C}.Release|Any CPU.ActiveCfg = Release|Any CPU
		{FA86F297-798F-434F-BE0F-31427D67C08C}.Release|Any CPU.Build.0 = Release|Any CPU
		{56597BAC-C4C8-4F7F-8EB8-1EF790471B9F}.Debug|Any CPU.ActiveCfg = Debug|Any CPU
		{56597BAC-C4C8-4F7F-8EB8-1EF790471B9F}.Debug|Any CPU.Build.0 = Debug|Any CPU
		{56597BAC-C4C8-4F7F-8EB8-1EF790471B9F}.Release|Any CPU.ActiveCfg = Release|Any CPU
		{56597BAC-C4C8-4F7F-8EB8-1EF790471B9F}.Release|Any CPU.Build.0 = Release|Any CPU
		{1F270AAE-D3BA-48DD-AD1D-1BE7C5188321}.Debug|Any CPU.ActiveCfg = Debug|Any CPU
		{1F270AAE-D3BA-48DD-AD1D-1BE7C5188321}.Debug|Any CPU.Build.0 = Debug|Any CPU
		{1F270AAE-D3BA-48DD-AD1D-1BE7C5188321}.Release|Any CPU.ActiveCfg = Release|Any CPU
		{1F270AAE-D3BA-48DD-AD1D-1BE7C5188321}.Release|Any CPU.Build.0 = Release|Any CPU
		{D792A26D-3E44-4495-9F68-8498B450E51B}.Debug|Any CPU.ActiveCfg = Debug|Any CPU
		{D792A26D-3E44-4495-9F68-8498B450E51B}.Debug|Any CPU.Build.0 = Debug|Any CPU
		{D792A26D-3E44-4495-9F68-8498B450E51B}.Release|Any CPU.ActiveCfg = Release|Any CPU
		{D792A26D-3E44-4495-9F68-8498B450E51B}.Release|Any CPU.Build.0 = Release|Any CPU
		{F9017C1B-24C5-4B50-B930-94B82BD85FD5}.Debug|Any CPU.ActiveCfg = Debug|Any CPU
		{F9017C1B-24C5-4B50-B930-94B82BD85FD5}.Debug|Any CPU.Build.0 = Debug|Any CPU
		{F9017C1B-24C5-4B50-B930-94B82BD85FD5}.Release|Any CPU.ActiveCfg = Release|Any CPU
		{F9017C1B-24C5-4B50-B930-94B82BD85FD5}.Release|Any CPU.Build.0 = Release|Any CPU
	EndGlobalSection
	GlobalSection(SolutionProperties) = preSolution
		HideSolutionNode = FALSE
	EndGlobalSection
	GlobalSection(NestedProjects) = preSolution
		{ADCAB470-FD08-4E54-A767-48C8C80CB81E} = {4EC60301-5143-4373-B452-42F17224BE86}
		{81F7AA10-26ED-4D8D-8490-2AAF459F4231} = {C2DC6611-03A1-4B7D-AE1B-C1F85ECE92BC}
		{76F84521-2EA0-4137-91AC-417E60566979} = {C4192722-C17B-4F1A-8C93-C9716705258F}
		{4D77B21E-ADCB-4A1D-8094-D4BA7C2D9512} = {4EC60301-5143-4373-B452-42F17224BE86}
		{FA86F297-798F-434F-BE0F-31427D67C08C} = {C2DC6611-03A1-4B7D-AE1B-C1F85ECE92BC}
		{56597BAC-C4C8-4F7F-8EB8-1EF790471B9F} = {C4192722-C17B-4F1A-8C93-C9716705258F}
		{1F270AAE-D3BA-48DD-AD1D-1BE7C5188321} = {C4192722-C17B-4F1A-8C93-C9716705258F}
		{D792A26D-3E44-4495-9F68-8498B450E51B} = {C4192722-C17B-4F1A-8C93-C9716705258F}
		{F9017C1B-24C5-4B50-B930-94B82BD85FD5} = {C2DC6611-03A1-4B7D-AE1B-C1F85ECE92BC}
	EndGlobalSection
	GlobalSection(ExtensibilityGlobals) = postSolution
		SolutionGuid = {038EC8AE-4EF0-4352-A4AD-ECC228907A0A}
	EndGlobalSection
EndGlobal
