
Microsoft Visual Studio Solution File, Format Version 12.00
# Visual Studio Version 16
VisualStudioVersion = 16.0.28803.202
MinimumVisualStudioVersion = 10.0.40219.1
Project("{9A19103F-16F7-4668-BE54-9A1E7A4F7556}") = "ServerCore", "src\ServerCore\ServerCore.csproj", "{ADCAB470-FD08-4E54-A767-48C8C80CB81E}"
EndProject
Project("{9A19103F-16F7-4668-BE54-9A1E7A4F7556}") = "Server", "src\Server\Server.csproj", "{81F7AA10-26ED-4D8D-8490-2AAF459F4231}"
EndProject
Project("{9A19103F-16F7-4668-BE54-9A1E7A4F7556}") = "ArmyAnt.Net", "external\ArmyAnt.Net\ArmyAnt.Net.csproj", "{76F84521-2EA0-4137-91AC-417E60566979}"
EndProject
Project("{2150E333-8FDC-42A3-9474-1A3956D46DE8}") = "external", "external", "{C4192722-C17B-4F1A-8C93-C9716705258F}"
EndProject
Project("{2150E333-8FDC-42A3-9474-1A3956D46DE8}") = "libs", "libs", "{4EC60301-5143-4373-B452-42F17224BE86}"
EndProject
Project("{9A19103F-16F7-4668-BE54-9A1E7A4F7556}") = "ProtoRes", "src\ProtoRes\ProtoRes.csproj", "{4D77B21E-ADCB-4A1D-8094-D4BA7C2D9512}"
EndProject
Project("{2150E333-8FDC-42A3-9474-1A3956D46DE8}") = "subApps", "subApps", "{9942BCDA-75EB-4977-936D-F9833BDE9046}"
EndProject
Project("{9A19103F-16F7-4668-BE54-9A1E7A4F7556}") = "DBProxy", "src\DBProxy\DBProxy.csproj", "{FA86F297-798F-434F-BE0F-31427D67C08C}"
EndProject
Project("{9A19103F-16F7-4668-BE54-9A1E7A4F7556}") = "DBProxyCore", "src\DBProxyCore\DBProxyCore.csproj", "{96AF1C24-3B10-4DF1-A9BC-0A21E495E90D}"
EndProject
Project("{9A19103F-16F7-4668-BE54-9A1E7A4F7556}") = "MySqlConnector", "external\MySqlConnector\src\MySqlConnector\MySqlConnector.csproj", "{56597BAC-C4C8-4F7F-8EB8-1EF790471B9F}"
EndProject
Project("{9A19103F-16F7-4668-BE54-9A1E7A4F7556}") = "SimpleEchoApp", "src\SimpleEchoApp\SimpleEchoApp.csproj", "{CCE00D9E-E177-4BBF-B752-5970274C10C4}"
EndProject
Project("{9A19103F-16F7-4668-BE54-9A1E7A4F7556}") = "Google.Protobuf", "external\protobuf\csharp\src\Google.Protobuf\Google.Protobuf.csproj", "{1F270AAE-D3BA-48DD-AD1D-1BE7C5188321}"
EndProject
Global
	GlobalSection(SolutionConfigurationPlatforms) = preSolution
		Debug|Any CPU = Debug|Any CPU
		Release|Any CPU = Release|Any CPU
	EndGlobalSection
	GlobalSection(ProjectConfigurationPlatforms) = postSolution
		{ADCAB470-FD08-4E54-A767-48C8C80CB81E}.Debug|Any CPU.ActiveCfg = Debug|Any CPU
		{ADCAB470-FD08-4E54-A767-48C8C80CB81E}.Debug|Any CPU.Build.0 = Debug|Any CPU
		{ADCAB470-FD08-4E54-A767-48C8C80CB81E}.Release|Any CPU.ActiveCfg = Release|Any CPU
		{ADCAB470-FD08-4E54-A767-48C8C80CB81E}.Release|Any CPU.Build.0 = Release|Any CPU
		{81F7AA10-26ED-4D8D-8490-2AAF459F4231}.Debug|Any CPU.ActiveCfg = Debug|Any CPU
		{81F7AA10-26ED-4D8D-8490-2AAF459F4231}.Debug|Any CPU.Build.0 = Debug|Any CPU
		{81F7AA10-26ED-4D8D-8490-2AAF459F4231}.Release|Any CPU.ActiveCfg = Release|Any CPU
		{81F7AA10-26ED-4D8D-8490-2AAF459F4231}.Release|Any CPU.Build.0 = Release|Any CPU
		{76F84521-2EA0-4137-91AC-417E60566979}.Debug|Any CPU.ActiveCfg = Debug|Any CPU
		{76F84521-2EA0-4137-91AC-417E60566979}.Debug|Any CPU.Build.0 = Debug|Any CPU
		{76F84521-2EA0-4137-91AC-417E60566979}.Release|Any CPU.ActiveCfg = Release|Any CPU
		{76F84521-2EA0-4137-91AC-417E60566979}.Release|Any CPU.Build.0 = Release|Any CPU
		{4D77B21E-ADCB-4A1D-8094-D4BA7C2D9512}.Debug|Any CPU.ActiveCfg = Debug|Any CPU
		{4D77B21E-ADCB-4A1D-8094-D4BA7C2D9512}.Debug|Any CPU.Build.0 = Debug|Any CPU
		{4D77B21E-ADCB-4A1D-8094-D4BA7C2D9512}.Release|Any CPU.ActiveCfg = Release|Any CPU
		{4D77B21E-ADCB-4A1D-8094-D4BA7C2D9512}.Release|Any CPU.Build.0 = Release|Any CPU
		{FA86F297-798F-434F-BE0F-31427D67C08C}.Debug|Any CPU.ActiveCfg = Debug|Any CPU
		{FA86F297-798F-434F-BE0F-31427D67C08C}.Debug|Any CPU.Build.0 = Debug|Any CPU
		{FA86F297-798F-434F-BE0F-31427D67C08C}.Release|Any CPU.ActiveCfg = Release|Any CPU
		{FA86F297-798F-434F-BE0F-31427D67C08C}.Release|Any CPU.Build.0 = Release|Any CPU
		{96AF1C24-3B10-4DF1-A9BC-0A21E495E90D}.Debug|Any CPU.ActiveCfg = Debug|Any CPU
		{96AF1C24-3B10-4DF1-A9BC-0A21E495E90D}.Debug|Any CPU.Build.0 = Debug|Any CPU
		{96AF1C24-3B10-4DF1-A9BC-0A21E495E90D}.Release|Any CPU.ActiveCfg = Release|Any CPU
		{96AF1C24-3B10-4DF1-A9BC-0A21E495E90D}.Release|Any CPU.Build.0 = Release|Any CPU
		{56597BAC-C4C8-4F7F-8EB8-1EF790471B9F}.Debug|Any CPU.ActiveCfg = Debug|Any CPU
		{56597BAC-C4C8-4F7F-8EB8-1EF790471B9F}.Debug|Any CPU.Build.0 = Debug|Any CPU
		{56597BAC-C4C8-4F7F-8EB8-1EF790471B9F}.Release|Any CPU.ActiveCfg = Release|Any CPU
		{56597BAC-C4C8-4F7F-8EB8-1EF790471B9F}.Release|Any CPU.Build.0 = Release|Any CPU
		{CCE00D9E-E177-4BBF-B752-5970274C10C4}.Debug|Any CPU.ActiveCfg = Debug|Any CPU
		{CCE00D9E-E177-4BBF-B752-5970274C10C4}.Debug|Any CPU.Build.0 = Debug|Any CPU
		{CCE00D9E-E177-4BBF-B752-5970274C10C4}.Release|Any CPU.ActiveCfg = Release|Any CPU
		{CCE00D9E-E177-4BBF-B752-5970274C10C4}.Release|Any CPU.Build.0 = Release|Any CPU
		{1F270AAE-D3BA-48DD-AD1D-1BE7C5188321}.Debug|Any CPU.ActiveCfg = Debug|Any CPU
		{1F270AAE-D3BA-48DD-AD1D-1BE7C5188321}.Debug|Any CPU.Build.0 = Debug|Any CPU
		{1F270AAE-D3BA-48DD-AD1D-1BE7C5188321}.Release|Any CPU.ActiveCfg = Release|Any CPU
		{1F270AAE-D3BA-48DD-AD1D-1BE7C5188321}.Release|Any CPU.Build.0 = Release|Any CPU
	EndGlobalSection
	GlobalSection(SolutionProperties) = preSolution
		HideSolutionNode = FALSE
	EndGlobalSection
	GlobalSection(NestedProjects) = preSolution
		{ADCAB470-FD08-4E54-A767-48C8C80CB81E} = {4EC60301-5143-4373-B452-42F17224BE86}
		{76F84521-2EA0-4137-91AC-417E60566979} = {C4192722-C17B-4F1A-8C93-C9716705258F}
		{4D77B21E-ADCB-4A1D-8094-D4BA7C2D9512} = {4EC60301-5143-4373-B452-42F17224BE86}
		{96AF1C24-3B10-4DF1-A9BC-0A21E495E90D} = {4EC60301-5143-4373-B452-42F17224BE86}
		{56597BAC-C4C8-4F7F-8EB8-1EF790471B9F} = {C4192722-C17B-4F1A-8C93-C9716705258F}
		{CCE00D9E-E177-4BBF-B752-5970274C10C4} = {9942BCDA-75EB-4977-936D-F9833BDE9046}
		{1F270AAE-D3BA-48DD-AD1D-1BE7C5188321} = {C4192722-C17B-4F1A-8C93-C9716705258F}
	EndGlobalSection
	GlobalSection(ExtensibilityGlobals) = postSolution
		SolutionGuid = {038EC8AE-4EF0-4352-A4AD-ECC228907A0A}
	EndGlobalSection
EndGlobal
